
Microsoft Visual Studio Solution File, Format Version 12.00
# Visual Studio Version 17
VisualStudioVersion = 17.13.35828.75
MinimumVisualStudioVersion = 10.0.40219.1
Project("{FAE04EC0-301F-11D3-BF4B-00C04F79EFBC}") = "csharp_cource25", "csharp_cource25\csharp_cource25.csproj", "{151B36D6-9AD7-4A55-9435-5CC27F3FE52C}"
EndProject
Project("{FAE04EC0-301F-11D3-BF4B-00C04F79EFBC}") = "csharp_cource25Tests1", "csharp_cource25Tests1\csharp_cource25Tests1.csproj", "{FCFC4992-E4C6-4F1D-BB01-BF470AE4988B}"
EndProject
Project("{FAE04EC0-301F-11D3-BF4B-00C04F79EFBC}") = "MyMathLib", "MyMathLib\MyMathLib.csproj", "{3829A725-B24D-46FC-B166-1DB8B5ABEA20}"
EndProject
Global
	GlobalSection(SolutionConfigurationPlatforms) = preSolution
		Debug|Any CPU = Debug|Any CPU
		Release|Any CPU = Release|Any CPU
	EndGlobalSection
	GlobalSection(ProjectConfigurationPlatforms) = postSolution
		{151B36D6-9AD7-4A55-9435-5CC27F3FE52C}.Debug|Any CPU.ActiveCfg = Debug|Any CPU
		{151B36D6-9AD7-4A55-9435-5CC27F3FE52C}.Debug|Any CPU.Build.0 = Debug|Any CPU
		{151B36D6-9AD7-4A55-9435-5CC27F3FE52C}.Release|Any CPU.ActiveCfg = Release|Any CPU
		{151B36D6-9AD7-4A55-9435-5CC27F3FE52C}.Release|Any CPU.Build.0 = Release|Any CPU
		{FCFC4992-E4C6-4F1D-BB01-BF470AE4988B}.Debug|Any CPU.ActiveCfg = Debug|Any CPU
		{FCFC4992-E4C6-4F1D-BB01-BF470AE4988B}.Debug|Any CPU.Build.0 = Debug|Any CPU
		{FCFC4992-E4C6-4F1D-BB01-BF470AE4988B}.Release|Any CPU.ActiveCfg = Release|Any CPU
		{FCFC4992-E4C6-4F1D-BB01-BF470AE4988B}.Release|Any CPU.Build.0 = Release|Any CPU
		{3829A725-B24D-46FC-B166-1DB8B5ABEA20}.Debug|Any CPU.ActiveCfg = Debug|Any CPU
		{3829A725-B24D-46FC-B166-1DB8B5ABEA20}.Debug|Any CPU.Build.0 = Debug|Any CPU
		{3829A725-B24D-46FC-B166-1DB8B5ABEA20}.Release|Any CPU.ActiveCfg = Release|Any CPU
		{3829A725-B24D-46FC-B166-1DB8B5ABEA20}.Release|Any CPU.Build.0 = Release|Any CPU
	EndGlobalSection
	GlobalSection(SolutionProperties) = preSolution
		HideSolutionNode = FALSE
	EndGlobalSection
	GlobalSection(ExtensibilityGlobals) = postSolution
		SolutionGuid = {632DECC3-CF3F-4DEF-91CA-AD0B583F1A85}
	EndGlobalSection
EndGlobal
